// !$*UTF8*$!
{
	archiveVersion = 1;
	classes = {
	};
	objectVersion = 50;
	objects = {

/* Begin PBXBuildFile section */
		9E560EB420F7397A00E969C4 /* thumbnail.png in Resources */ = {isa = PBXBuildFile; fileRef = 9E560EB220F7397900E969C4 /* thumbnail.png */; };
		9E560EB520F7397A00E969C4 /* thumbnail@2x.png in Resources */ = {isa = PBXBuildFile; fileRef = 9E560EB320F7397A00E969C4 /* thumbnail@2x.png */; };
		9E76573720F6392D0045BABA /* Globals.h in Headers */ = {isa = PBXBuildFile; fileRef = 9E76573520F6392D0045BABA /* Globals.h */; };
		9E76573820F6392D0045BABA /* Globals.m in Sources */ = {isa = PBXBuildFile; fileRef = 9E76573620F6392D0045BABA /* Globals.m */; };
		9E76573A20F63CFD0045BABA /* kreait.mp4 in Resources */ = {isa = PBXBuildFile; fileRef = 9E76573920F63CFD0045BABA /* kreait.mp4 */; };
		9E76573E20F656A10045BABA /* Config.xib in Resources */ = {isa = PBXBuildFile; fileRef = 9E76573D20F656A10045BABA /* Config.xib */; };
		9E76574820F676B20045BABA /* CoreServices.framework in Frameworks */ = {isa = PBXBuildFile; fileRef = 9E76574720F676B20045BABA /* CoreServices.framework */; };
		9E76574A20F68B690045BABA /* ScreenSaver.framework in Frameworks */ = {isa = PBXBuildFile; fileRef = 9E76574920F68B690045BABA /* ScreenSaver.framework */; };
		9ECB30A020F4EEA600AB1877 /* time24View.h in Headers */ = {isa = PBXBuildFile; fileRef = 9ECB309F20F4EEA600AB1877 /* time24View.h */; };
		9ECB30A220F4EEA600AB1877 /* time24View.m in Sources */ = {isa = PBXBuildFile; fileRef = 9ECB30A120F4EEA600AB1877 /* time24View.m */; };
		9ECB30AB20F4F0A400AB1877 /* AVKit.framework in Frameworks */ = {isa = PBXBuildFile; fileRef = 9ECB30AA20F4F0A400AB1877 /* AVKit.framework */; };
/* End PBXBuildFile section */

/* Begin PBXFileReference section */
		9E560EB220F7397900E969C4 /* thumbnail.png */ = {isa = PBXFileReference; lastKnownFileType = image.png; path = thumbnail.png; sourceTree = "<group>"; };
		9E560EB320F7397A00E969C4 /* thumbnail@2x.png */ = {isa = PBXFileReference; lastKnownFileType = image.png; path = "thumbnail@2x.png"; sourceTree = "<group>"; };
		9E560EB720F73E1600E969C4 /* README.md */ = {isa = PBXFileReference; fileEncoding = 4; lastKnownFileType = net.daringfireball.markdown; path = README.md; sourceTree = "<group>"; };
		9E560EB920F7459800E969C4 /* LICENSE */ = {isa = PBXFileReference; fileEncoding = 4; lastKnownFileType = text; path = LICENSE; sourceTree = "<group>"; };
		9E76573520F6392D0045BABA /* Globals.h */ = {isa = PBXFileReference; lastKnownFileType = sourcecode.c.h; path = Globals.h; sourceTree = "<group>"; };
		9E76573620F6392D0045BABA /* Globals.m */ = {isa = PBXFileReference; lastKnownFileType = sourcecode.c.objc; path = Globals.m; sourceTree = "<group>"; };
		9E76573920F63CFD0045BABA /* kreait.mp4 */ = {isa = PBXFileReference; lastKnownFileType = file; path = kreait.mp4; sourceTree = "<group>"; };
		9E76573D20F656A10045BABA /* Config.xib */ = {isa = PBXFileReference; lastKnownFileType = file.xib; path = Config.xib; sourceTree = "<group>"; };
		9E76574720F676B20045BABA /* CoreServices.framework */ = {isa = PBXFileReference; lastKnownFileType = wrapper.framework; name = CoreServices.framework; path = System/Library/Frameworks/CoreServices.framework; sourceTree = SDKROOT; };
		9E76574920F68B690045BABA /* ScreenSaver.framework */ = {isa = PBXFileReference; lastKnownFileType = wrapper.framework; name = ScreenSaver.framework; path = System/Library/Frameworks/ScreenSaver.framework; sourceTree = SDKROOT; };
		9ECB309C20F4EEA600AB1877 /* time24.saver */ = {isa = PBXFileReference; explicitFileType = wrapper.cfbundle; includeInIndex = 0; path = time24.saver; sourceTree = BUILT_PRODUCTS_DIR; };
		9ECB309F20F4EEA600AB1877 /* time24View.h */ = {isa = PBXFileReference; lastKnownFileType = sourcecode.c.h; path = time24View.h; sourceTree = "<group>"; };
		9ECB30A120F4EEA600AB1877 /* time24View.m */ = {isa = PBXFileReference; lastKnownFileType = sourcecode.c.objc; path = time24View.m; sourceTree = "<group>"; };
		9ECB30A320F4EEA600AB1877 /* Info.plist */ = {isa = PBXFileReference; lastKnownFileType = text.plist.xml; path = Info.plist; sourceTree = "<group>"; };
		9ECB30AA20F4F0A400AB1877 /* AVKit.framework */ = {isa = PBXFileReference; lastKnownFileType = wrapper.framework; name = AVKit.framework; path = System/Library/Frameworks/AVKit.framework; sourceTree = SDKROOT; };
/* End PBXFileReference section */

/* Begin PBXFrameworksBuildPhase section */
		9ECB309920F4EEA600AB1877 /* Frameworks */ = {
			isa = PBXFrameworksBuildPhase;
			buildActionMask = 2147483647;
			files = (
				9E76574A20F68B690045BABA /* ScreenSaver.framework in Frameworks */,
				9E76574820F676B20045BABA /* CoreServices.framework in Frameworks */,
				9ECB30AB20F4F0A400AB1877 /* AVKit.framework in Frameworks */,
			);
			runOnlyForDeploymentPostprocessing = 0;
		};
/* End PBXFrameworksBuildPhase section */

/* Begin PBXGroup section */
		9E560EB620F7398100E969C4 /* Resources */ = {
			isa = PBXGroup;
			children = (
				9E76573920F63CFD0045BABA /* kreait.mp4 */,
				9E560EB220F7397900E969C4 /* thumbnail.png */,
				9E560EB320F7397A00E969C4 /* thumbnail@2x.png */,
			);
			path = Resources;
			sourceTree = "<group>";
		};
		9ECB309220F4EEA600AB1877 = {
			isa = PBXGroup;
			children = (
				9E560EB720F73E1600E969C4 /* README.md */,
				9E560EB920F7459800E969C4 /* LICENSE */,
				9ECB309E20F4EEA600AB1877 /* time24 */,
				9ECB309D20F4EEA600AB1877 /* Products */,
				9ECB30A920F4F0A400AB1877 /* Frameworks */,
			);
			sourceTree = "<group>";
		};
		9ECB309D20F4EEA600AB1877 /* Products */ = {
			isa = PBXGroup;
			children = (
				9ECB309C20F4EEA600AB1877 /* time24.saver */,
			);
			name = Products;
			sourceTree = "<group>";
		};
		9ECB309E20F4EEA600AB1877 /* time24 */ = {
			isa = PBXGroup;
			children = (
				9ECB309F20F4EEA600AB1877 /* time24View.h */,
				9ECB30A120F4EEA600AB1877 /* time24View.m */,
				9E76573520F6392D0045BABA /* Globals.h */,
				9E76573620F6392D0045BABA /* Globals.m */,
				9E76573D20F656A10045BABA /* Config.xib */,
				9ECB30A320F4EEA600AB1877 /* Info.plist */,
				9E560EB620F7398100E969C4 /* Resources */,
			);
			path = time24;
			sourceTree = "<group>";
		};
		9ECB30A920F4F0A400AB1877 /* Frameworks */ = {
			isa = PBXGroup;
			children = (
				9E76574920F68B690045BABA /* ScreenSaver.framework */,
				9E76574720F676B20045BABA /* CoreServices.framework */,
				9ECB30AA20F4F0A400AB1877 /* AVKit.framework */,
			);
			name = Frameworks;
			sourceTree = "<group>";
		};
/* End PBXGroup section */

/* Begin PBXHeadersBuildPhase section */
		9ECB309720F4EEA600AB1877 /* Headers */ = {
			isa = PBXHeadersBuildPhase;
			buildActionMask = 2147483647;
			files = (
				9E76573720F6392D0045BABA /* Globals.h in Headers */,
				9ECB30A020F4EEA600AB1877 /* time24View.h in Headers */,
			);
			runOnlyForDeploymentPostprocessing = 0;
		};
/* End PBXHeadersBuildPhase section */

/* Begin PBXNativeTarget section */
		9ECB309B20F4EEA600AB1877 /* time24 */ = {
			isa = PBXNativeTarget;
			buildConfigurationList = 9ECB30A620F4EEA600AB1877 /* Build configuration list for PBXNativeTarget "time24" */;
			buildPhases = (
				9ECB309720F4EEA600AB1877 /* Headers */,
				9ECB309820F4EEA600AB1877 /* Sources */,
				9ECB309920F4EEA600AB1877 /* Frameworks */,
				9ECB309A20F4EEA600AB1877 /* Resources */,
			);
			buildRules = (
			);
			dependencies = (
			);
			name = time24;
			productName = time24;
			productReference = 9ECB309C20F4EEA600AB1877 /* time24.saver */;
			productType = "com.apple.product-type.bundle";
		};
/* End PBXNativeTarget section */

/* Begin PBXProject section */
		9ECB309320F4EEA600AB1877 /* Project object */ = {
			isa = PBXProject;
			attributes = {
				LastUpgradeCheck = 1000;
				ORGANIZATIONNAME = kreait;
				TargetAttributes = {
					9ECB309B20F4EEA600AB1877 = {
						CreatedOnToolsVersion = 10.0;
					};
				};
			};
			buildConfigurationList = 9ECB309620F4EEA600AB1877 /* Build configuration list for PBXProject "time24" */;
			compatibilityVersion = "Xcode 9.3";
			developmentRegion = en;
			hasScannedForEncodings = 0;
			knownRegions = (
				en,
			);
			mainGroup = 9ECB309220F4EEA600AB1877;
			productRefGroup = 9ECB309D20F4EEA600AB1877 /* Products */;
			projectDirPath = "";
			projectRoot = "";
			targets = (
				9ECB309B20F4EEA600AB1877 /* time24 */,
			);
		};
/* End PBXProject section */

/* Begin PBXResourcesBuildPhase section */
		9ECB309A20F4EEA600AB1877 /* Resources */ = {
			isa = PBXResourcesBuildPhase;
			buildActionMask = 2147483647;
			files = (
				9E76573E20F656A10045BABA /* Config.xib in Resources */,
				9E560EB520F7397A00E969C4 /* thumbnail@2x.png in Resources */,
				9E76573A20F63CFD0045BABA /* kreait.mp4 in Resources */,
				9E560EB420F7397A00E969C4 /* thumbnail.png in Resources */,
			);
			runOnlyForDeploymentPostprocessing = 0;
		};
/* End PBXResourcesBuildPhase section */

/* Begin PBXSourcesBuildPhase section */
		9ECB309820F4EEA600AB1877 /* Sources */ = {
			isa = PBXSourcesBuildPhase;
			buildActionMask = 2147483647;
			files = (
				9ECB30A220F4EEA600AB1877 /* time24View.m in Sources */,
				9E76573820F6392D0045BABA /* Globals.m in Sources */,
			);
			runOnlyForDeploymentPostprocessing = 0;
		};
/* End PBXSourcesBuildPhase section */

/* Begin XCBuildConfiguration section */
		9ECB30A420F4EEA600AB1877 /* Debug */ = {
			isa = XCBuildConfiguration;
			buildSettings = {
				ALWAYS_SEARCH_USER_PATHS = NO;
				CLANG_ANALYZER_NONNULL = YES;
				CLANG_ANALYZER_NUMBER_OBJECT_CONVERSION = YES_AGGRESSIVE;
				CLANG_CXX_LANGUAGE_STANDARD = "gnu++14";
				CLANG_CXX_LIBRARY = "libc++";
				CLANG_ENABLE_MODULES = YES;
				CLANG_ENABLE_OBJC_ARC = YES;
				CLANG_ENABLE_OBJC_WEAK = YES;
				CLANG_WARN_BLOCK_CAPTURE_AUTORELEASING = YES;
				CLANG_WARN_BOOL_CONVERSION = YES;
				CLANG_WARN_COMMA = YES;
				CLANG_WARN_CONSTANT_CONVERSION = YES;
				CLANG_WARN_DEPRECATED_OBJC_IMPLEMENTATIONS = YES;
				CLANG_WARN_DIRECT_OBJC_ISA_USAGE = YES_ERROR;
				CLANG_WARN_DOCUMENTATION_COMMENTS = YES;
				CLANG_WARN_EMPTY_BODY = YES;
				CLANG_WARN_ENUM_CONVERSION = YES;
				CLANG_WARN_INFINITE_RECURSION = YES;
				CLANG_WARN_INT_CONVERSION = YES;
				CLANG_WARN_NON_LITERAL_NULL_CONVERSION = YES;
				CLANG_WARN_OBJC_IMPLICIT_RETAIN_SELF = YES;
				CLANG_WARN_OBJC_LITERAL_CONVERSION = YES;
				CLANG_WARN_OBJC_ROOT_CLASS = YES_ERROR;
				CLANG_WARN_RANGE_LOOP_ANALYSIS = YES;
				CLANG_WARN_STRICT_PROTOTYPES = YES;
				CLANG_WARN_SUSPICIOUS_MOVE = YES;
				CLANG_WARN_UNGUARDED_AVAILABILITY = YES_AGGRESSIVE;
				CLANG_WARN_UNREACHABLE_CODE = YES;
				CLANG_WARN__DUPLICATE_METHOD_MATCH = YES;
				CODE_SIGN_IDENTITY = "Mac Developer";
				COPY_PHASE_STRIP = NO;
				DEBUG_INFORMATION_FORMAT = dwarf;
				ENABLE_STRICT_OBJC_MSGSEND = YES;
				ENABLE_TESTABILITY = YES;
				GCC_C_LANGUAGE_STANDARD = gnu11;
				GCC_DYNAMIC_NO_PIC = NO;
				GCC_NO_COMMON_BLOCKS = YES;
				GCC_OPTIMIZATION_LEVEL = 0;
				GCC_PREPROCESSOR_DEFINITIONS = (
					"DEBUG=1",
					"$(inherited)",
				);
				GCC_WARN_64_TO_32_BIT_CONVERSION = YES;
				GCC_WARN_ABOUT_RETURN_TYPE = YES_ERROR;
				GCC_WARN_UNDECLARED_SELECTOR = YES;
				GCC_WARN_UNINITIALIZED_AUTOS = YES_AGGRESSIVE;
				GCC_WARN_UNUSED_FUNCTION = YES;
				GCC_WARN_UNUSED_VARIABLE = YES;
				MACOSX_DEPLOYMENT_TARGET = 10.13;
				MTL_ENABLE_DEBUG_INFO = INCLUDE_SOURCE;
				MTL_FAST_MATH = YES;
				ONLY_ACTIVE_ARCH = YES;
				SDKROOT = macosx;
			};
			name = Debug;
		};
		9ECB30A520F4EEA600AB1877 /* Release */ = {
			isa = XCBuildConfiguration;
			buildSettings = {
				ALWAYS_SEARCH_USER_PATHS = NO;
				CLANG_ANALYZER_NONNULL = YES;
				CLANG_ANALYZER_NUMBER_OBJECT_CONVERSION = YES_AGGRESSIVE;
				CLANG_CXX_LANGUAGE_STANDARD = "gnu++14";
				CLANG_CXX_LIBRARY = "libc++";
				CLANG_ENABLE_MODULES = YES;
				CLANG_ENABLE_OBJC_ARC = YES;
				CLANG_ENABLE_OBJC_WEAK = YES;
				CLANG_WARN_BLOCK_CAPTURE_AUTORELEASING = YES;
				CLANG_WARN_BOOL_CONVERSION = YES;
				CLANG_WARN_COMMA = YES;
				CLANG_WARN_CONSTANT_CONVERSION = YES;
				CLANG_WARN_DEPRECATED_OBJC_IMPLEMENTATIONS = YES;
				CLANG_WARN_DIRECT_OBJC_ISA_USAGE = YES_ERROR;
				CLANG_WARN_DOCUMENTATION_COMMENTS = YES;
				CLANG_WARN_EMPTY_BODY = YES;
				CLANG_WARN_ENUM_CONVERSION = YES;
				CLANG_WARN_INFINITE_RECURSION = YES;
				CLANG_WARN_INT_CONVERSION = YES;
				CLANG_WARN_NON_LITERAL_NULL_CONVERSION = YES;
				CLANG_WARN_OBJC_IMPLICIT_RETAIN_SELF = YES;
				CLANG_WARN_OBJC_LITERAL_CONVERSION = YES;
				CLANG_WARN_OBJC_ROOT_CLASS = YES_ERROR;
				CLANG_WARN_RANGE_LOOP_ANALYSIS = YES;
				CLANG_WARN_STRICT_PROTOTYPES = YES;
				CLANG_WARN_SUSPICIOUS_MOVE = YES;
				CLANG_WARN_UNGUARDED_AVAILABILITY = YES_AGGRESSIVE;
				CLANG_WARN_UNREACHABLE_CODE = YES;
				CLANG_WARN__DUPLICATE_METHOD_MATCH = YES;
				CODE_SIGN_IDENTITY = "Mac Developer";
				COPY_PHASE_STRIP = NO;
				DEBUG_INFORMATION_FORMAT = "dwarf-with-dsym";
				ENABLE_NS_ASSERTIONS = NO;
				ENABLE_STRICT_OBJC_MSGSEND = YES;
				GCC_C_LANGUAGE_STANDARD = gnu11;
				GCC_NO_COMMON_BLOCKS = YES;
				GCC_WARN_64_TO_32_BIT_CONVERSION = YES;
				GCC_WARN_ABOUT_RETURN_TYPE = YES_ERROR;
				GCC_WARN_UNDECLARED_SELECTOR = YES;
				GCC_WARN_UNINITIALIZED_AUTOS = YES_AGGRESSIVE;
				GCC_WARN_UNUSED_FUNCTION = YES;
				GCC_WARN_UNUSED_VARIABLE = YES;
				MACOSX_DEPLOYMENT_TARGET = 10.13;
				MTL_ENABLE_DEBUG_INFO = NO;
				MTL_FAST_MATH = YES;
				SDKROOT = macosx;
			};
			name = Release;
		};
		9ECB30A720F4EEA600AB1877 /* Debug */ = {
			isa = XCBuildConfiguration;
			buildSettings = {
				CODE_SIGN_STYLE = Automatic;
				COMBINE_HIDPI_IMAGES = NO;
				DEVELOPMENT_TEAM = L4Y43KC7TD;
				INFOPLIST_FILE = time24/Info.plist;
				INSTALL_PATH = "$(HOME)/Library/Screen Savers";
				PRODUCT_BUNDLE_IDENTIFIER = com.kreait.time24;
				PRODUCT_NAME = "$(TARGET_NAME)";
				WRAPPER_EXTENSION = saver;
			};
			name = Debug;
		};
		9ECB30A820F4EEA600AB1877 /* Release */ = {
			isa = XCBuildConfiguration;
			buildSettings = {
				CODE_SIGN_STYLE = Automatic;
				COMBINE_HIDPI_IMAGES = NO;
				DEVELOPMENT_TEAM = L4Y43KC7TD;
				INFOPLIST_FILE = time24/Info.plist;
				INSTALL_PATH = "$(HOME)/Library/Screen Savers";
				PRODUCT_BUNDLE_IDENTIFIER = com.kreait.time24;
				PRODUCT_NAME = "$(TARGET_NAME)";
				WRAPPER_EXTENSION = saver;
			};
			name = Release;
		};
/* End XCBuildConfiguration section */

/* Begin XCConfigurationList section */
		9ECB309620F4EEA600AB1877 /* Build configuration list for PBXProject "time24" */ = {
			isa = XCConfigurationList;
			buildConfigurations = (
				9ECB30A420F4EEA600AB1877 /* Debug */,
				9ECB30A520F4EEA600AB1877 /* Release */,
			);
			defaultConfigurationIsVisible = 0;
			defaultConfigurationName = Release;
		};
		9ECB30A620F4EEA600AB1877 /* Build configuration list for PBXNativeTarget "time24" */ = {
			isa = XCConfigurationList;
			buildConfigurations = (
				9ECB30A720F4EEA600AB1877 /* Debug */,
				9ECB30A820F4EEA600AB1877 /* Release */,
			);
			defaultConfigurationIsVisible = 0;
			defaultConfigurationName = Release;
		};
/* End XCConfigurationList section */
	};
	rootObject = 9ECB309320F4EEA600AB1877 /* Project object */;
}
