// !$*UTF8*$!
{
	archiveVersion = 1;
	classes = {
	};
	objectVersion = 48;
	objects = {

/* Begin PBXBuildFile section */
		DE0CB8C921085DD000E2D03E /* Globals.h in Headers */ = {isa = PBXBuildFile; fileRef = DE0CB8C621085DD000E2D03E /* Globals.h */; };
		DE0CB8CA21085DD000E2D03E /* Globals.m in Sources */ = {isa = PBXBuildFile; fileRef = DE0CB8C721085DD000E2D03E /* Globals.m */; };
		DE0CB8CB21085DD000E2D03E /* Config.xib in Resources */ = {isa = PBXBuildFile; fileRef = DE0CB8C821085DD000E2D03E /* Config.xib */; };
		DE0CB8CE21085DE600E2D03E /* time24View.m in Sources */ = {isa = PBXBuildFile; fileRef = DE0CB8CC21085DE600E2D03E /* time24View.m */; };
		DE0CB8CF21085DE600E2D03E /* time24View.h in Headers */ = {isa = PBXBuildFile; fileRef = DE0CB8CD21085DE600E2D03E /* time24View.h */; };
		DE0CB8D421085DFA00E2D03E /* kreait.mp4 in Resources */ = {isa = PBXBuildFile; fileRef = DE0CB8D121085DFA00E2D03E /* kreait.mp4 */; };
		DE0CB8D521085DFA00E2D03E /* thumbnail.png in Resources */ = {isa = PBXBuildFile; fileRef = DE0CB8D221085DFA00E2D03E /* thumbnail.png */; };
		DE0CB8D621085DFA00E2D03E /* thumbnail@2x.png in Resources */ = {isa = PBXBuildFile; fileRef = DE0CB8D321085DFA00E2D03E /* thumbnail@2x.png */; };
		DE0CB8DA2108674900E2D03E /* AVTime24Player.m in Sources */ = {isa = PBXBuildFile; fileRef = DE0CB8D72108611500E2D03E /* AVTime24Player.m */; };
/* End PBXBuildFile section */

/* Begin PBXFileReference section */
		DE0CB8B921085DA300E2D03E /* time24.saver */ = {isa = PBXFileReference; explicitFileType = wrapper.cfbundle; includeInIndex = 0; path = time24.saver; sourceTree = BUILT_PRODUCTS_DIR; };
		DE0CB8C021085DA300E2D03E /* Info.plist */ = {isa = PBXFileReference; lastKnownFileType = text.plist.xml; path = Info.plist; sourceTree = "<group>"; };
		DE0CB8C621085DD000E2D03E /* Globals.h */ = {isa = PBXFileReference; fileEncoding = 4; lastKnownFileType = sourcecode.c.h; path = Globals.h; sourceTree = "<group>"; };
		DE0CB8C721085DD000E2D03E /* Globals.m */ = {isa = PBXFileReference; fileEncoding = 4; lastKnownFileType = sourcecode.c.objc; path = Globals.m; sourceTree = "<group>"; };
		DE0CB8C821085DD000E2D03E /* Config.xib */ = {isa = PBXFileReference; fileEncoding = 4; lastKnownFileType = file.xib; path = Config.xib; sourceTree = "<group>"; };
		DE0CB8CC21085DE600E2D03E /* time24View.m */ = {isa = PBXFileReference; fileEncoding = 4; lastKnownFileType = sourcecode.c.objc; path = time24View.m; sourceTree = "<group>"; };
		DE0CB8CD21085DE600E2D03E /* time24View.h */ = {isa = PBXFileReference; fileEncoding = 4; lastKnownFileType = sourcecode.c.h; path = time24View.h; sourceTree = "<group>"; };
		DE0CB8D121085DFA00E2D03E /* kreait.mp4 */ = {isa = PBXFileReference; lastKnownFileType = file; path = kreait.mp4; sourceTree = "<group>"; };
		DE0CB8D221085DFA00E2D03E /* thumbnail.png */ = {isa = PBXFileReference; lastKnownFileType = image.png; path = thumbnail.png; sourceTree = "<group>"; };
		DE0CB8D321085DFA00E2D03E /* thumbnail@2x.png */ = {isa = PBXFileReference; lastKnownFileType = image.png; path = "thumbnail@2x.png"; sourceTree = "<group>"; };
		DE0CB8D72108611500E2D03E /* AVTime24Player.m */ = {isa = PBXFileReference; lastKnownFileType = sourcecode.c.objc; path = AVTime24Player.m; sourceTree = "<group>"; };
		DE0CB8D9210861BD00E2D03E /* AVTime24Player.h */ = {isa = PBXFileReference; lastKnownFileType = sourcecode.c.h; path = AVTime24Player.h; sourceTree = "<group>"; };
/* End PBXFileReference section */

/* Begin PBXFrameworksBuildPhase section */
		DE0CB8B521085DA300E2D03E /* Frameworks */ = {
			isa = PBXFrameworksBuildPhase;
			buildActionMask = 2147483647;
			files = (
			);
			runOnlyForDeploymentPostprocessing = 0;
		};
/* End PBXFrameworksBuildPhase section */

/* Begin PBXGroup section */
		DE0CB8AF21085DA200E2D03E = {
			isa = PBXGroup;
			children = (
				DE0CB8BB21085DA300E2D03E /* time24 */,
				DE0CB8BA21085DA300E2D03E /* Products */,
			);
			sourceTree = "<group>";
		};
		DE0CB8BA21085DA300E2D03E /* Products */ = {
			isa = PBXGroup;
			children = (
				DE0CB8B921085DA300E2D03E /* time24.saver */,
			);
			name = Products;
			sourceTree = "<group>";
		};
		DE0CB8BB21085DA300E2D03E /* time24 */ = {
			isa = PBXGroup;
			children = (
				DE0CB8C821085DD000E2D03E /* Config.xib */,
				DE0CB8C621085DD000E2D03E /* Globals.h */,
				DE0CB8C721085DD000E2D03E /* Globals.m */,
				DE0CB8C021085DA300E2D03E /* Info.plist */,
				DE0CB8CD21085DE600E2D03E /* time24View.h */,
				DE0CB8CC21085DE600E2D03E /* time24View.m */,
				DE0CB8D9210861BD00E2D03E /* AVTime24Player.h */,
				DE0CB8D72108611500E2D03E /* AVTime24Player.m */,
				DE0CB8D021085DFA00E2D03E /* Resources */,
			);
			path = time24;
			sourceTree = "<group>";
		};
		DE0CB8D021085DFA00E2D03E /* Resources */ = {
			isa = PBXGroup;
			children = (
				DE0CB8D121085DFA00E2D03E /* kreait.mp4 */,
				DE0CB8D221085DFA00E2D03E /* thumbnail.png */,
				DE0CB8D321085DFA00E2D03E /* thumbnail@2x.png */,
			);
			path = Resources;
			sourceTree = "<group>";
		};
/* End PBXGroup section */

/* Begin PBXHeadersBuildPhase section */
		DE0CB8B621085DA300E2D03E /* Headers */ = {
			isa = PBXHeadersBuildPhase;
			buildActionMask = 2147483647;
			files = (
				DE0CB8CF21085DE600E2D03E /* time24View.h in Headers */,
				DE0CB8C921085DD000E2D03E /* Globals.h in Headers */,
			);
			runOnlyForDeploymentPostprocessing = 0;
		};
/* End PBXHeadersBuildPhase section */

/* Begin PBXNativeTarget section */
		DE0CB8B821085DA300E2D03E /* time24 */ = {
			isa = PBXNativeTarget;
			buildConfigurationList = DE0CB8C321085DA300E2D03E /* Build configuration list for PBXNativeTarget "time24" */;
			buildPhases = (
				DE0CB8B421085DA300E2D03E /* Sources */,
				DE0CB8B521085DA300E2D03E /* Frameworks */,
				DE0CB8B621085DA300E2D03E /* Headers */,
				DE0CB8B721085DA300E2D03E /* Resources */,
			);
			buildRules = (
			);
			dependencies = (
			);
			name = time24;
			productName = time24;
			productReference = DE0CB8B921085DA300E2D03E /* time24.saver */;
			productType = "com.apple.product-type.bundle";
		};
/* End PBXNativeTarget section */

/* Begin PBXProject section */
		DE0CB8B021085DA200E2D03E /* Project object */ = {
			isa = PBXProject;
			attributes = {
				LastUpgradeCheck = 0940;
				ORGANIZATIONNAME = "Oliver Michalak";
				TargetAttributes = {
					DE0CB8B821085DA300E2D03E = {
						CreatedOnToolsVersion = 9.2;
						ProvisioningStyle = Automatic;
					};
				};
			};
			buildConfigurationList = DE0CB8B321085DA200E2D03E /* Build configuration list for PBXProject "time24" */;
			compatibilityVersion = "Xcode 8.0";
			developmentRegion = en;
			hasScannedForEncodings = 0;
			knownRegions = (
				en,
			);
			mainGroup = DE0CB8AF21085DA200E2D03E;
			productRefGroup = DE0CB8BA21085DA300E2D03E /* Products */;
			projectDirPath = "";
			projectRoot = "";
			targets = (
				DE0CB8B821085DA300E2D03E /* time24 */,
			);
		};
/* End PBXProject section */

/* Begin PBXResourcesBuildPhase section */
		DE0CB8B721085DA300E2D03E /* Resources */ = {
			isa = PBXResourcesBuildPhase;
			buildActionMask = 2147483647;
			files = (
				DE0CB8CB21085DD000E2D03E /* Config.xib in Resources */,
				DE0CB8D621085DFA00E2D03E /* thumbnail@2x.png in Resources */,
				DE0CB8D421085DFA00E2D03E /* kreait.mp4 in Resources */,
				DE0CB8D521085DFA00E2D03E /* thumbnail.png in Resources */,
			);
			runOnlyForDeploymentPostprocessing = 0;
		};
/* End PBXResourcesBuildPhase section */

/* Begin PBXSourcesBuildPhase section */
		DE0CB8B421085DA300E2D03E /* Sources */ = {
			isa = PBXSourcesBuildPhase;
			buildActionMask = 2147483647;
			files = (
				DE0CB8CA21085DD000E2D03E /* Globals.m in Sources */,
				DE0CB8CE21085DE600E2D03E /* time24View.m in Sources */,
				DE0CB8DA2108674900E2D03E /* AVTime24Player.m in Sources */,
			);
			runOnlyForDeploymentPostprocessing = 0;
		};
/* End PBXSourcesBuildPhase section */

/* Begin XCBuildConfiguration section */
		DE0CB8C121085DA300E2D03E /* Debug */ = {
			isa = XCBuildConfiguration;
			buildSettings = {
				ALWAYS_SEARCH_USER_PATHS = NO;
				CLANG_ANALYZER_NONNULL = YES;
				CLANG_ANALYZER_NUMBER_OBJECT_CONVERSION = YES_AGGRESSIVE;
				CLANG_CXX_LANGUAGE_STANDARD = "gnu++14";
				CLANG_CXX_LIBRARY = "libc++";
				CLANG_ENABLE_MODULES = YES;
				CLANG_ENABLE_OBJC_ARC = YES;
				CLANG_WARN_BLOCK_CAPTURE_AUTORELEASING = YES;
				CLANG_WARN_BOOL_CONVERSION = YES;
				CLANG_WARN_COMMA = YES;
				CLANG_WARN_CONSTANT_CONVERSION = YES;
				CLANG_WARN_DEPRECATED_OBJC_IMPLEMENTATIONS = YES;
				CLANG_WARN_DIRECT_OBJC_ISA_USAGE = YES_ERROR;
				CLANG_WARN_DOCUMENTATION_COMMENTS = YES;
				CLANG_WARN_EMPTY_BODY = YES;
				CLANG_WARN_ENUM_CONVERSION = YES;
				CLANG_WARN_INFINITE_RECURSION = YES;
				CLANG_WARN_INT_CONVERSION = YES;
				CLANG_WARN_NON_LITERAL_NULL_CONVERSION = YES;
				CLANG_WARN_OBJC_IMPLICIT_RETAIN_SELF = YES;
				CLANG_WARN_OBJC_LITERAL_CONVERSION = YES;
				CLANG_WARN_OBJC_ROOT_CLASS = YES_ERROR;
				CLANG_WARN_RANGE_LOOP_ANALYSIS = YES;
				CLANG_WARN_STRICT_PROTOTYPES = YES;
				CLANG_WARN_SUSPICIOUS_MOVE = YES;
				CLANG_WARN_UNGUARDED_AVAILABILITY = YES_AGGRESSIVE;
				CLANG_WARN_UNREACHABLE_CODE = YES;
				CLANG_WARN__DUPLICATE_METHOD_MATCH = YES;
				CODE_SIGN_IDENTITY = "Mac Developer";
				COPY_PHASE_STRIP = NO;
				DEBUG_INFORMATION_FORMAT = dwarf;
				ENABLE_STRICT_OBJC_MSGSEND = YES;
				ENABLE_TESTABILITY = YES;
				GCC_C_LANGUAGE_STANDARD = gnu11;
				GCC_DYNAMIC_NO_PIC = NO;
				GCC_NO_COMMON_BLOCKS = YES;
				GCC_OPTIMIZATION_LEVEL = 0;
				GCC_PREPROCESSOR_DEFINITIONS = (
					"DEBUG=1",
					"$(inherited)",
				);
				GCC_WARN_64_TO_32_BIT_CONVERSION = YES;
				GCC_WARN_ABOUT_RETURN_TYPE = YES_ERROR;
				GCC_WARN_UNDECLARED_SELECTOR = YES;
				GCC_WARN_UNINITIALIZED_AUTOS = YES_AGGRESSIVE;
				GCC_WARN_UNUSED_FUNCTION = YES;
				GCC_WARN_UNUSED_VARIABLE = YES;
				MACOSX_DEPLOYMENT_TARGET = 10.12;
				MTL_ENABLE_DEBUG_INFO = YES;
				ONLY_ACTIVE_ARCH = YES;
				SDKROOT = macosx;
			};
			name = Debug;
		};
		DE0CB8C221085DA300E2D03E /* Release */ = {
			isa = XCBuildConfiguration;
			buildSettings = {
				ALWAYS_SEARCH_USER_PATHS = NO;
				CLANG_ANALYZER_NONNULL = YES;
				CLANG_ANALYZER_NUMBER_OBJECT_CONVERSION = YES_AGGRESSIVE;
				CLANG_CXX_LANGUAGE_STANDARD = "gnu++14";
				CLANG_CXX_LIBRARY = "libc++";
				CLANG_ENABLE_MODULES = YES;
				CLANG_ENABLE_OBJC_ARC = YES;
				CLANG_WARN_BLOCK_CAPTURE_AUTORELEASING = YES;
				CLANG_WARN_BOOL_CONVERSION = YES;
				CLANG_WARN_COMMA = YES;
				CLANG_WARN_CONSTANT_CONVERSION = YES;
				CLANG_WARN_DEPRECATED_OBJC_IMPLEMENTATIONS = YES;
				CLANG_WARN_DIRECT_OBJC_ISA_USAGE = YES_ERROR;
				CLANG_WARN_DOCUMENTATION_COMMENTS = YES;
				CLANG_WARN_EMPTY_BODY = YES;
				CLANG_WARN_ENUM_CONVERSION = YES;
				CLANG_WARN_INFINITE_RECURSION = YES;
				CLANG_WARN_INT_CONVERSION = YES;
				CLANG_WARN_NON_LITERAL_NULL_CONVERSION = YES;
				CLANG_WARN_OBJC_IMPLICIT_RETAIN_SELF = YES;
				CLANG_WARN_OBJC_LITERAL_CONVERSION = YES;
				CLANG_WARN_OBJC_ROOT_CLASS = YES_ERROR;
				CLANG_WARN_RANGE_LOOP_ANALYSIS = YES;
				CLANG_WARN_STRICT_PROTOTYPES = YES;
				CLANG_WARN_SUSPICIOUS_MOVE = YES;
				CLANG_WARN_UNGUARDED_AVAILABILITY = YES_AGGRESSIVE;
				CLANG_WARN_UNREACHABLE_CODE = YES;
				CLANG_WARN__DUPLICATE_METHOD_MATCH = YES;
				CODE_SIGN_IDENTITY = "Mac Developer";
				COPY_PHASE_STRIP = NO;
				DEBUG_INFORMATION_FORMAT = "dwarf-with-dsym";
				ENABLE_NS_ASSERTIONS = NO;
				ENABLE_STRICT_OBJC_MSGSEND = YES;
				GCC_C_LANGUAGE_STANDARD = gnu11;
				GCC_NO_COMMON_BLOCKS = YES;
				GCC_WARN_64_TO_32_BIT_CONVERSION = YES;
				GCC_WARN_ABOUT_RETURN_TYPE = YES_ERROR;
				GCC_WARN_UNDECLARED_SELECTOR = YES;
				GCC_WARN_UNINITIALIZED_AUTOS = YES_AGGRESSIVE;
				GCC_WARN_UNUSED_FUNCTION = YES;
				GCC_WARN_UNUSED_VARIABLE = YES;
				MACOSX_DEPLOYMENT_TARGET = 10.12;
				MTL_ENABLE_DEBUG_INFO = NO;
				SDKROOT = macosx;
			};
			name = Release;
		};
		DE0CB8C421085DA300E2D03E /* Debug */ = {
			isa = XCBuildConfiguration;
			buildSettings = {
				CODE_SIGN_STYLE = Automatic;
				COMBINE_HIDPI_IMAGES = YES;
				DEVELOPMENT_TEAM = L4Y43KC7TD;
				INFOPLIST_FILE = time24/Info.plist;
				INSTALL_PATH = "$(HOME)/Library/Screen Savers";
				PRODUCT_BUNDLE_IDENTIFIER = com.kreait.time24;
				PRODUCT_NAME = "$(TARGET_NAME)";
				WRAPPER_EXTENSION = saver;
			};
			name = Debug;
		};
		DE0CB8C521085DA300E2D03E /* Release */ = {
			isa = XCBuildConfiguration;
			buildSettings = {
				CODE_SIGN_STYLE = Automatic;
				COMBINE_HIDPI_IMAGES = YES;
				DEVELOPMENT_TEAM = L4Y43KC7TD;
				INFOPLIST_FILE = time24/Info.plist;
				INSTALL_PATH = "$(HOME)/Library/Screen Savers";
				PRODUCT_BUNDLE_IDENTIFIER = com.kreait.time24;
				PRODUCT_NAME = "$(TARGET_NAME)";
				WRAPPER_EXTENSION = saver;
			};
			name = Release;
		};
/* End XCBuildConfiguration section */

/* Begin XCConfigurationList section */
		DE0CB8B321085DA200E2D03E /* Build configuration list for PBXProject "time24" */ = {
			isa = XCConfigurationList;
			buildConfigurations = (
				DE0CB8C121085DA300E2D03E /* Debug */,
				DE0CB8C221085DA300E2D03E /* Release */,
			);
			defaultConfigurationIsVisible = 0;
			defaultConfigurationName = Release;
		};
		DE0CB8C321085DA300E2D03E /* Build configuration list for PBXNativeTarget "time24" */ = {
			isa = XCConfigurationList;
			buildConfigurations = (
				DE0CB8C421085DA300E2D03E /* Debug */,
				DE0CB8C521085DA300E2D03E /* Release */,
			);
			defaultConfigurationIsVisible = 0;
			defaultConfigurationName = Release;
		};
/* End XCConfigurationList section */
	};
	rootObject = DE0CB8B021085DA200E2D03E /* Project object */;
}
